// !$*UTF8*$!
{
	archiveVersion = 1;
	classes = {
	};
	objectVersion = 77;
	objects = {

/* Begin PBXBuildFile section */
		0C219D162DFAC7B300F2A92F /* GoogleSignIn in Frameworks */ = {isa = PBXBuildFile; productRef = 0C219D152DFAC7B300F2A92F /* GoogleSignIn */; };
		0C219D182DFAC7B300F2A92F /* GoogleSignInSwift in Frameworks */ = {isa = PBXBuildFile; productRef = 0C219D172DFAC7B300F2A92F /* GoogleSignInSwift */; };
		0C3A98362F4E92B4000FB10E /* Production.xcconfig in Resources */ = {isa = PBXBuildFile; fileRef = 0C3A98332F4E92B4000FB10E /* Production.xcconfig */; };
		0C3A98372F4E92B4000FB10E /* Staging.xcconfig in Resources */ = {isa = PBXBuildFile; fileRef = 0C3A98342F4E92B4000FB10E /* Staging.xcconfig */; };
		0C3A98382F4E92B4000FB10E /* Dev.xcconfig in Resources */ = {isa = PBXBuildFile; fileRef = 0C3A98322F4E92B4000FB10E /* Dev.xcconfig */; };
		BA6252084F15B84CDF1576AF /* Pods_ecall.framework in Frameworks */ = {isa = PBXBuildFile; fileRef = 570EC407F0F71BD36A115ECB /* Pods_ecall.framework */; };
/* End PBXBuildFile section */

/* Begin PBXCopyFilesBuildPhase section */
		DC53F68A2DC5E4170054185E /* Embed Frameworks */ = {
			isa = PBXCopyFilesBuildPhase;
			buildActionMask = 2147483647;
			dstPath = "";
			dstSubfolderSpec = 10;
			files = (
			);
			name = "Embed Frameworks";
			runOnlyForDeploymentPostprocessing = 0;
		};
/* End PBXCopyFilesBuildPhase section */

/* Begin PBXFileReference section */
		0C3A98322F4E92B4000FB10E /* Dev.xcconfig */ = {isa = PBXFileReference; lastKnownFileType = text.xcconfig; path = Dev.xcconfig; sourceTree = "<group>"; };
		0C3A98332F4E92B4000FB10E /* Production.xcconfig */ = {isa = PBXFileReference; lastKnownFileType = text.xcconfig; path = Production.xcconfig; sourceTree = "<group>"; };
		0C3A98342F4E92B4000FB10E /* Staging.xcconfig */ = {isa = PBXFileReference; lastKnownFileType = text.xcconfig; path = Staging.xcconfig; sourceTree = "<group>"; };
		570EC407F0F71BD36A115ECB /* Pods_ecall.framework */ = {isa = PBXFileReference; explicitFileType = wrapper.framework; includeInIndex = 0; path = Pods_ecall.framework; sourceTree = BUILT_PRODUCTS_DIR; };
		C0F78ACFDDE87B3873B6E2D5 /* Pods-ecall.staging.xcconfig */ = {isa = PBXFileReference; includeInIndex = 1; lastKnownFileType = text.xcconfig; name = "Pods-ecall.staging.xcconfig"; path = "Target Support Files/Pods-ecall/Pods-ecall.staging.xcconfig"; sourceTree = "<group>"; };
		C227569DAEE503F11B94D00E /* Pods-ecall.dev.xcconfig */ = {isa = PBXFileReference; includeInIndex = 1; lastKnownFileType = text.xcconfig; name = "Pods-ecall.dev.xcconfig"; path = "Target Support Files/Pods-ecall/Pods-ecall.dev.xcconfig"; sourceTree = "<group>"; };
		DCF80E8F2D931855003BE5CA /* ecall.app */ = {isa = PBXFileReference; explicitFileType = wrapper.application; includeInIndex = 0; path = ecall.app; sourceTree = BUILT_PRODUCTS_DIR; };
		F1BC70E650513F1570D01EA5 /* Pods-ecall.production.xcconfig */ = {isa = PBXFileReference; includeInIndex = 1; lastKnownFileType = text.xcconfig; name = "Pods-ecall.production.xcconfig"; path = "Target Support Files/Pods-ecall/Pods-ecall.production.xcconfig"; sourceTree = "<group>"; };
/* End PBXFileReference section */

/* Begin PBXFileSystemSynchronizedBuildFileExceptionSet section */
		DCF812DE2D931BAA003BE5CA /* Exceptions for "ecall" folder in "ecall" target */ = {
			isa = PBXFileSystemSynchronizedBuildFileExceptionSet;
			membershipExceptions = (
				Info.plist,
			);
			target = DCF80E8E2D931855003BE5CA /* ecall */;
		};
/* End PBXFileSystemSynchronizedBuildFileExceptionSet section */

/* Begin PBXFileSystemSynchronizedRootGroup section */
		DCF80E912D931855003BE5CA /* ecall */ = {
			isa = PBXFileSystemSynchronizedRootGroup;
			exceptions = (
				DCF812DE2D931BAA003BE5CA /* Exceptions for "ecall" folder in "ecall" target */,
			);
			path = ecall;
			sourceTree = "<group>";
		};
/* End PBXFileSystemSynchronizedRootGroup section */

/* Begin PBXFrameworksBuildPhase section */
		DCF80E8C2D931855003BE5CA /* Frameworks */ = {
			isa = PBXFrameworksBuildPhase;
			buildActionMask = 2147483647;
			files = (
				0C219D182DFAC7B300F2A92F /* GoogleSignInSwift in Frameworks */,
				0C219D162DFAC7B300F2A92F /* GoogleSignIn in Frameworks */,
				BA6252084F15B84CDF1576AF /* Pods_ecall.framework in Frameworks */,
			);
			runOnlyForDeploymentPostprocessing = 0;
		};
/* End PBXFrameworksBuildPhase section */

/* Begin PBXGroup section */
		0C3A98352F4E92B4000FB10E /* Config */ = {
			isa = PBXGroup;
			children = (
				0C3A98322F4E92B4000FB10E /* Dev.xcconfig */,
				0C3A98332F4E92B4000FB10E /* Production.xcconfig */,
				0C3A98342F4E92B4000FB10E /* Staging.xcconfig */,
			);
			path = Config;
			sourceTree = "<group>";
		};
		2A2BE32F4FB6DF22BA88458A /* Pods */ = {
			isa = PBXGroup;
			children = (
				C227569DAEE503F11B94D00E /* Pods-ecall.dev.xcconfig */,
				C0F78ACFDDE87B3873B6E2D5 /* Pods-ecall.staging.xcconfig */,
				F1BC70E650513F1570D01EA5 /* Pods-ecall.production.xcconfig */,
			);
			path = Pods;
			sourceTree = "<group>";
		};
		45F438FF211CB514BBF1F240 /* Frameworks */ = {
			isa = PBXGroup;
			children = (
				570EC407F0F71BD36A115ECB /* Pods_ecall.framework */,
			);
			name = Frameworks;
			sourceTree = "<group>";
		};
		DCF80E862D931855003BE5CA = {
			isa = PBXGroup;
			children = (
				0C3A98352F4E92B4000FB10E /* Config */,
				DCF80E912D931855003BE5CA /* ecall */,
				DCF80E902D931855003BE5CA /* Products */,
				2A2BE32F4FB6DF22BA88458A /* Pods */,
				45F438FF211CB514BBF1F240 /* Frameworks */,
			);
			sourceTree = "<group>";
		};
		DCF80E902D931855003BE5CA /* Products */ = {
			isa = PBXGroup;
			children = (
				DCF80E8F2D931855003BE5CA /* ecall.app */,
			);
			name = Products;
			sourceTree = "<group>";
		};
/* End PBXGroup section */

/* Begin PBXNativeTarget section */
		DCF80E8E2D931855003BE5CA /* ecall */ = {
			isa = PBXNativeTarget;
			buildConfigurationList = DCF80EB82D931857003BE5CA /* Build configuration list for PBXNativeTarget "ecall" */;
			buildPhases = (
				F9A9A57F097AB28B7FDE04CC /* [CP] Check Pods Manifest.lock */,
				DCF80E8B2D931855003BE5CA /* Sources */,
				DCF80E8C2D931855003BE5CA /* Frameworks */,
				DCF80E8D2D931855003BE5CA /* Resources */,
				DC53F68A2DC5E4170054185E /* Embed Frameworks */,
				5B6DA9C9F3D43ED24451C403 /* [CP] Embed Pods Frameworks */,
			);
			buildRules = (
			);
			dependencies = (
			);
			fileSystemSynchronizedGroups = (
				DCF80E912D931855003BE5CA /* ecall */,
			);
			name = ecall;
			productName = ecall;
			productReference = DCF80E8F2D931855003BE5CA /* ecall.app */;
			productType = "com.apple.product-type.application";
		};
/* End PBXNativeTarget section */

/* Begin PBXProject section */
		DCF80E872D931855003BE5CA /* Project object */ = {
			isa = PBXProject;
			attributes = {
				BuildIndependentTargetsInParallel = 1;
				LastSwiftUpdateCheck = 1620;
				LastUpgradeCheck = 2620;
				TargetAttributes = {
					DCF80E8E2D931855003BE5CA = {
						CreatedOnToolsVersion = 16.2;
						LastSwiftMigration = 1620;
					};
				};
			};
			buildConfigurationList = DCF80E8A2D931855003BE5CA /* Build configuration list for PBXProject "ecall" */;
			developmentRegion = en;
			hasScannedForEncodings = 0;
			knownRegions = (
				en,
				Base,
				vi,
				ar,
				"zh-Hans",
				es,
				hi,
				ru,
				ja,
				ko,
				th,
				"km-KH",
				fr,
				de,
				it,
				pt,
			);
			mainGroup = DCF80E862D931855003BE5CA;
			minimizedProjectReferenceProxies = 1;
			packageReferences = (
				0C219D142DFAC7B300F2A92F /* XCRemoteSwiftPackageReference "GoogleSignIn-iOS" */,
			);
			preferredProjectObjectVersion = 77;
			productRefGroup = DCF80E902D931855003BE5CA /* Products */;
			projectDirPath = "";
			projectRoot = "";
			targets = (
				DCF80E8E2D931855003BE5CA /* ecall */,
			);
		};
/* End PBXProject section */

/* Begin PBXResourcesBuildPhase section */
		DCF80E8D2D931855003BE5CA /* Resources */ = {
			isa = PBXResourcesBuildPhase;
			buildActionMask = 2147483647;
			files = (
				0C3A98362F4E92B4000FB10E /* Production.xcconfig in Resources */,
				0C3A98372F4E92B4000FB10E /* Staging.xcconfig in Resources */,
				0C3A98382F4E92B4000FB10E /* Dev.xcconfig in Resources */,
			);
			runOnlyForDeploymentPostprocessing = 0;
		};
/* End PBXResourcesBuildPhase section */

/* Begin PBXShellScriptBuildPhase section */
		5B6DA9C9F3D43ED24451C403 /* [CP] Embed Pods Frameworks */ = {
			isa = PBXShellScriptBuildPhase;
			buildActionMask = 2147483647;
			files = (
			);
			inputFileListPaths = (
				"${PODS_ROOT}/Target Support Files/Pods-ecall/Pods-ecall-frameworks-${CONFIGURATION}-input-files.xcfilelist",
			);
			inputPaths = (
			);
			name = "[CP] Embed Pods Frameworks";
			outputFileListPaths = (
				"${PODS_ROOT}/Target Support Files/Pods-ecall/Pods-ecall-frameworks-${CONFIGURATION}-output-files.xcfilelist",
			);
			outputPaths = (
			);
			runOnlyForDeploymentPostprocessing = 0;
			shellPath = /bin/sh;
			shellScript = "\"${PODS_ROOT}/Target Support Files/Pods-ecall/Pods-ecall-frameworks.sh\"\n";
			showEnvVarsInLog = 0;
		};
		F9A9A57F097AB28B7FDE04CC /* [CP] Check Pods Manifest.lock */ = {
			isa = PBXShellScriptBuildPhase;
			buildActionMask = 2147483647;
			files = (
			);
			inputFileListPaths = (
			);
			inputPaths = (
				"${PODS_PODFILE_DIR_PATH}/Podfile.lock",
				"${PODS_ROOT}/Manifest.lock",
			);
			name = "[CP] Check Pods Manifest.lock";
			outputFileListPaths = (
			);
			outputPaths = (
				"$(DERIVED_FILE_DIR)/Pods-ecall-checkManifestLockResult.txt",
			);
			runOnlyForDeploymentPostprocessing = 0;
			shellPath = /bin/sh;
			shellScript = "diff \"${PODS_PODFILE_DIR_PATH}/Podfile.lock\" \"${PODS_ROOT}/Manifest.lock\" > /dev/null\nif [ $? != 0 ] ; then\n    # print error to STDERR\n    echo \"error: The sandbox is not in sync with the Podfile.lock. Run 'pod install' or update your CocoaPods installation.\" >&2\n    exit 1\nfi\n# This output is used by Xcode 'outputs' to avoid re-running this script phase.\necho \"SUCCESS\" > \"${SCRIPT_OUTPUT_FILE_0}\"\n";
			showEnvVarsInLog = 0;
		};
/* End PBXShellScriptBuildPhase section */

/* Begin PBXSourcesBuildPhase section */
		DCF80E8B2D931855003BE5CA /* Sources */ = {
			isa = PBXSourcesBuildPhase;
			buildActionMask = 2147483647;
			files = (
			);
			runOnlyForDeploymentPostprocessing = 0;
		};
/* End PBXSourcesBuildPhase section */

/* Begin XCBuildConfiguration section */
		0CE1E6702EA9C99200F13E2B /* Staging */ = {
			isa = XCBuildConfiguration;
			buildSettings = {
				ALWAYS_SEARCH_USER_PATHS = NO;
				API_BASE_URL = "https://stg-api.your_app.org";
				APP_API_HASH = your_real_api_hash;
				APP_API_ID = your_real_api_id;
				ASSETCATALOG_COMPILER_GENERATE_SWIFT_ASSET_SYMBOL_EXTENSIONS = YES;
				BASE_DOMAIN = your_app.org;
				BUNDLE_URL_SCHEME = your_bundle_url_scheme;
				CLANG_ANALYZER_LOCALIZABILITY_NONLOCALIZED = YES;
				CLANG_ANALYZER_NONNULL = YES;
				CLANG_ANALYZER_NUMBER_OBJECT_CONVERSION = YES_AGGRESSIVE;
				CLANG_CXX_LANGUAGE_STANDARD = "gnu++20";
				CLANG_ENABLE_MODULES = YES;
				CLANG_ENABLE_OBJC_ARC = YES;
				CLANG_ENABLE_OBJC_WEAK = YES;
				CLANG_WARN_BLOCK_CAPTURE_AUTORELEASING = YES;
				CLANG_WARN_BOOL_CONVERSION = YES;
				CLANG_WARN_COMMA = YES;
				CLANG_WARN_CONSTANT_CONVERSION = YES;
				CLANG_WARN_DEPRECATED_OBJC_IMPLEMENTATIONS = YES;
				CLANG_WARN_DIRECT_OBJC_ISA_USAGE = YES_ERROR;
				CLANG_WARN_DOCUMENTATION_COMMENTS = YES;
				CLANG_WARN_EMPTY_BODY = YES;
				CLANG_WARN_ENUM_CONVERSION = YES;
				CLANG_WARN_INFINITE_RECURSION = YES;
				CLANG_WARN_INT_CONVERSION = YES;
				CLANG_WARN_NON_LITERAL_NULL_CONVERSION = YES;
				CLANG_WARN_OBJC_IMPLICIT_RETAIN_SELF = YES;
				CLANG_WARN_OBJC_LITERAL_CONVERSION = YES;
				CLANG_WARN_OBJC_ROOT_CLASS = YES_ERROR;
				CLANG_WARN_QUOTED_INCLUDE_IN_FRAMEWORK_HEADER = YES;
				CLANG_WARN_RANGE_LOOP_ANALYSIS = YES;
				CLANG_WARN_STRICT_PROTOTYPES = YES;
				CLANG_WARN_SUSPICIOUS_MOVE = YES;
				CLANG_WARN_UNGUARDED_AVAILABILITY = YES_AGGRESSIVE;
				CLANG_WARN_UNREACHABLE_CODE = YES;
				CLANG_WARN__DUPLICATE_METHOD_MATCH = YES;
				COPY_PHASE_STRIP = NO;
				DEBUG_INFORMATION_FORMAT = dwarf;
				DEVELOPMENT_TEAM = "";
				ENABLE_STRICT_OBJC_MSGSEND = YES;
				ENABLE_TESTABILITY = YES;
				ENABLE_USER_SCRIPT_SANDBOXING = YES;
				ENVIRONMENT_NAME = Staging;
				GCC_C_LANGUAGE_STANDARD = gnu17;
				GCC_DYNAMIC_NO_PIC = NO;
				GCC_NO_COMMON_BLOCKS = YES;
				GCC_OPTIMIZATION_LEVEL = 0;
				GCC_PREPROCESSOR_DEFINITIONS = (
					"DEBUG=1",
					"$(inherited)",
				);
				GCC_WARN_64_TO_32_BIT_CONVERSION = YES;
				GCC_WARN_ABOUT_RETURN_TYPE = YES_ERROR;
				GCC_WARN_UNDECLARED_SELECTOR = YES;
				GCC_WARN_UNINITIALIZED_AUTOS = YES_AGGRESSIVE;
				GCC_WARN_UNUSED_FUNCTION = YES;
				GCC_WARN_UNUSED_VARIABLE = YES;
				GOOGLE_CLIENT_ID = your_google_client_id.apps.googleusercontent.com;
				GOOGLE_URL_SCHEME = com.googleusercontent.apps.your_google_client_id;
				IPHONEOS_DEPLOYMENT_TARGET = 18.2;
				JANUS_API_SECRET = 1iVbRlUbqaExLG0SPLGAhdEU3SRKnyGG;
				JANUS_SOCKET_URL = "wss://api.ecall.org";
				LOCALIZATION_PREFERS_STRING_CATALOGS = YES;
				MTL_ENABLE_DEBUG_INFO = INCLUDE_SOURCE;
				MTL_FAST_MATH = YES;
				ONLY_ACTIVE_ARCH = YES;
				SDKROOT = iphoneos;
				SHARE_URL = "https://your_app_url";
				SOCKET_BASE_URL = "wss://stg-api.ecall.org";
				STRING_CATALOG_GENERATE_SYMBOLS = YES;
				SWIFT_ACTIVE_COMPILATION_CONDITIONS = "DEBUG $(inherited)";
				SWIFT_EMIT_LOC_STRINGS = YES;
				SWIFT_OPTIMIZATION_LEVEL = "-Onone";
			};
			name = Staging;
		};
		0CE1E6712EA9C99200F13E2B /* Staging */ = {
			isa = XCBuildConfiguration;
			baseConfigurationReference = 0C3A98342F4E92B4000FB10E /* Staging.xcconfig */;
			buildSettings = {
				ASSETCATALOG_COMPILER_APPICON_NAME = AppIcon;
				ASSETCATALOG_COMPILER_GLOBAL_ACCENT_COLOR_NAME = AccentColor;
				ASSETCATALOG_COMPILER_INCLUDE_ALL_APPICON_ASSETS = NO;
				CLANG_ENABLE_MODULES = YES;
				CODE_SIGN_ENTITLEMENTS = ecall/Entitlements/Staging.entitlements;
				CODE_SIGN_IDENTITY = "Apple Development";
				CODE_SIGN_STYLE = Automatic;
				CURRENT_PROJECT_VERSION = 202602251100;
				DEVELOPMENT_ASSET_PATHS = "";
				DEVELOPMENT_TEAM = R684D2RP22;
				ENABLE_PREVIEWS = YES;
				ENABLE_USER_SCRIPT_SANDBOXING = NO;
				FRAMEWORK_SEARCH_PATHS = "$(inherited)";
				GCC_PREPROCESSOR_DEFINITIONS = (
					"$(inherited)",
					"COCOAPODS=1",
					"WEBRTC_IOS=1",
				);
				GENERATE_INFOPLIST_FILE = YES;
				HEADER_SEARCH_PATHS = "$(PROJECT_DIR)/ecall/**";
				INFOPLIST_FILE = ecall/Info.plist;
				INFOPLIST_KEY_CFBundleDisplayName = Ecall;
				INFOPLIST_KEY_LSApplicationCategoryType = "public.app-category.utilities";
				INFOPLIST_KEY_NSCameraUsageDescription = "This app needs access to your camera for video calls and to scan QR codes.";
				INFOPLIST_KEY_NSFaceIDUsageDescription = "Ecall uses biometric authentication (Face ID, Touch ID, or passcode) to securely access your encrypted calls, protect your private keys, and verify your identity.";
				INFOPLIST_KEY_NSMicrophoneUsageDescription = "This app requires access to your microphone so you can make and receive voice calls.";
				INFOPLIST_KEY_NSPhotoLibraryUsageDescription = "Ecall needs access to your photo library to scan QR codes from images.";
				INFOPLIST_KEY_UIApplicationSceneManifest_Generation = YES;
				INFOPLIST_KEY_UIApplicationSupportsIndirectInputEvents = YES;
				INFOPLIST_KEY_UILaunchScreen_Generation = YES;
				INFOPLIST_KEY_UILaunchStoryboardName = LaunchScreen;
				INFOPLIST_KEY_UISupportedInterfaceOrientations_iPad = "UIInterfaceOrientationPortrait UIInterfaceOrientationPortraitUpsideDown UIInterfaceOrientationLandscapeLeft UIInterfaceOrientationLandscapeRight";
				INFOPLIST_KEY_UISupportedInterfaceOrientations_iPhone = "UIInterfaceOrientationPortrait UIInterfaceOrientationLandscapeLeft UIInterfaceOrientationLandscapeRight";
				INFOPLIST_KEY_UIUserInterfaceStyle = Light;
				IPHONEOS_DEPLOYMENT_TARGET = 16.6;
				LD_RUNPATH_SEARCH_PATHS = (
					"$(inherited)",
					"@executable_path/Frameworks",
				);
				LOCALIZATION_EXPORT_SUPPORTED = NO;
				MARKETING_VERSION = 1.0.0;
				OTHER_CFLAGS = "-DWEBRTC_IOS=1";
				OTHER_LDFLAGS = "$(inherited)";
				PRODUCT_BUNDLE_IDENTIFIER = com.airfeed.ecall.staging;
				PRODUCT_NAME = "$(TARGET_NAME)";
				PROVISIONING_PROFILE_SPECIFIER = "";
				SWIFT_EMIT_LOC_STRINGS = YES;
				SWIFT_OBJC_BRIDGING_HEADER = "ecall/Resources/ecall-Bridging-Header.h";
				SWIFT_OPTIMIZATION_LEVEL = "-Onone";
				SWIFT_VERSION = 5.0;
				TARGETED_DEVICE_FAMILY = "1,2";
			};
			name = Staging;
		};
		DCF80EB62D931857003BE5CA /* Dev */ = {
			isa = XCBuildConfiguration;
			buildSettings = {
				ALWAYS_SEARCH_USER_PATHS = NO;
				API_BASE_URL = "http://your_local_ip";
				APP_API_HASH = your_real_api_hash;
				APP_API_ID = your_real_api_id;
				ASSETCATALOG_COMPILER_GENERATE_SWIFT_ASSET_SYMBOL_EXTENSIONS = YES;
				BASE_DOMAIN = your_app.org;
				BUNDLE_URL_SCHEME = your_bundle_url_scheme;
				CLANG_ANALYZER_LOCALIZABILITY_NONLOCALIZED = YES;
				CLANG_ANALYZER_NONNULL = YES;
				CLANG_ANALYZER_NUMBER_OBJECT_CONVERSION = YES_AGGRESSIVE;
				CLANG_CXX_LANGUAGE_STANDARD = "gnu++20";
				CLANG_ENABLE_MODULES = YES;
				CLANG_ENABLE_OBJC_ARC = YES;
				CLANG_ENABLE_OBJC_WEAK = YES;
				CLANG_WARN_BLOCK_CAPTURE_AUTORELEASING = YES;
				CLANG_WARN_BOOL_CONVERSION = YES;
				CLANG_WARN_COMMA = YES;
				CLANG_WARN_CONSTANT_CONVERSION = YES;
				CLANG_WARN_DEPRECATED_OBJC_IMPLEMENTATIONS = YES;
				CLANG_WARN_DIRECT_OBJC_ISA_USAGE = YES_ERROR;
				CLANG_WARN_DOCUMENTATION_COMMENTS = YES;
				CLANG_WARN_EMPTY_BODY = YES;
				CLANG_WARN_ENUM_CONVERSION = YES;
				CLANG_WARN_INFINITE_RECURSION = YES;
				CLANG_WARN_INT_CONVERSION = YES;
				CLANG_WARN_NON_LITERAL_NULL_CONVERSION = YES;
				CLANG_WARN_OBJC_IMPLICIT_RETAIN_SELF = YES;
				CLANG_WARN_OBJC_LITERAL_CONVERSION = YES;
				CLANG_WARN_OBJC_ROOT_CLASS = YES_ERROR;
				CLANG_WARN_QUOTED_INCLUDE_IN_FRAMEWORK_HEADER = YES;
				CLANG_WARN_RANGE_LOOP_ANALYSIS = YES;
				CLANG_WARN_STRICT_PROTOTYPES = YES;
				CLANG_WARN_SUSPICIOUS_MOVE = YES;
				CLANG_WARN_UNGUARDED_AVAILABILITY = YES_AGGRESSIVE;
				CLANG_WARN_UNREACHABLE_CODE = YES;
				CLANG_WARN__DUPLICATE_METHOD_MATCH = YES;
				COPY_PHASE_STRIP = NO;
				DEBUG_INFORMATION_FORMAT = dwarf;
				DEVELOPMENT_TEAM = "";
				ENABLE_STRICT_OBJC_MSGSEND = YES;
				ENABLE_TESTABILITY = YES;
				ENABLE_USER_SCRIPT_SANDBOXING = YES;
				ENVIRONMENT_NAME = Dev;
				GCC_C_LANGUAGE_STANDARD = gnu17;
				GCC_DYNAMIC_NO_PIC = NO;
				GCC_NO_COMMON_BLOCKS = YES;
				GCC_OPTIMIZATION_LEVEL = 0;
				GCC_PREPROCESSOR_DEFINITIONS = (
					"DEBUG=1",
					"$(inherited)",
				);
				GCC_WARN_64_TO_32_BIT_CONVERSION = YES;
				GCC_WARN_ABOUT_RETURN_TYPE = YES_ERROR;
				GCC_WARN_UNDECLARED_SELECTOR = YES;
				GCC_WARN_UNINITIALIZED_AUTOS = YES_AGGRESSIVE;
				GCC_WARN_UNUSED_FUNCTION = YES;
				GCC_WARN_UNUSED_VARIABLE = YES;
				GOOGLE_CLIENT_ID = your_google_client_id.apps.googleusercontent.com;
				GOOGLE_URL_SCHEME = com.googleusercontent.apps.your_google_client_id;
				IPHONEOS_DEPLOYMENT_TARGET = 18.2;
				JANUS_API_SECRET = 1iVbRlUbqaExLG0SPLGAhdEU3SRKnyGG;
				JANUS_SOCKET_URL = "ws://your_local_ip";
				LOCALIZATION_PREFERS_STRING_CATALOGS = YES;
				MTL_ENABLE_DEBUG_INFO = INCLUDE_SOURCE;
				MTL_FAST_MATH = YES;
				ONLY_ACTIVE_ARCH = YES;
				SDKROOT = iphoneos;
				SHARE_URL = "https://your_app_url";
				SOCKET_BASE_URL = "ws://your_local_ip";
				STRING_CATALOG_GENERATE_SYMBOLS = YES;
				SWIFT_ACTIVE_COMPILATION_CONDITIONS = "DEBUG $(inherited)";
				SWIFT_EMIT_LOC_STRINGS = YES;
				SWIFT_OPTIMIZATION_LEVEL = "-Onone";
			};
			name = Dev;
		};
		DCF80EB72D931857003BE5CA /* Production */ = {
			isa = XCBuildConfiguration;
			buildSettings = {
				ALWAYS_SEARCH_USER_PATHS = NO;
				API_BASE_URL = "https://api.ecall.org";
				APP_API_HASH = your_real_api_hash;
				APP_API_ID = your_real_api_id;
				ASSETCATALOG_COMPILER_GENERATE_SWIFT_ASSET_SYMBOL_EXTENSIONS = YES;
				BASE_DOMAIN = your_app.org;
				BUNDLE_URL_SCHEME = your_bundle_url_scheme;
				CLANG_ANALYZER_LOCALIZABILITY_NONLOCALIZED = YES;
				CLANG_ANALYZER_NONNULL = YES;
				CLANG_ANALYZER_NUMBER_OBJECT_CONVERSION = YES_AGGRESSIVE;
				CLANG_CXX_LANGUAGE_STANDARD = "gnu++20";
				CLANG_ENABLE_MODULES = YES;
				CLANG_ENABLE_OBJC_ARC = YES;
				CLANG_ENABLE_OBJC_WEAK = YES;
				CLANG_WARN_BLOCK_CAPTURE_AUTORELEASING = YES;
				CLANG_WARN_BOOL_CONVERSION = YES;
				CLANG_WARN_COMMA = YES;
				CLANG_WARN_CONSTANT_CONVERSION = YES;
				CLANG_WARN_DEPRECATED_OBJC_IMPLEMENTATIONS = YES;
				CLANG_WARN_DIRECT_OBJC_ISA_USAGE = YES_ERROR;
				CLANG_WARN_DOCUMENTATION_COMMENTS = YES;
				CLANG_WARN_EMPTY_BODY = YES;
				CLANG_WARN_ENUM_CONVERSION = YES;
				CLANG_WARN_INFINITE_RECURSION = YES;
				CLANG_WARN_INT_CONVERSION = YES;
				CLANG_WARN_NON_LITERAL_NULL_CONVERSION = YES;
				CLANG_WARN_OBJC_IMPLICIT_RETAIN_SELF = YES;
				CLANG_WARN_OBJC_LITERAL_CONVERSION = YES;
				CLANG_WARN_OBJC_ROOT_CLASS = YES_ERROR;
				CLANG_WARN_QUOTED_INCLUDE_IN_FRAMEWORK_HEADER = YES;
				CLANG_WARN_RANGE_LOOP_ANALYSIS = YES;
				CLANG_WARN_STRICT_PROTOTYPES = YES;
				CLANG_WARN_SUSPICIOUS_MOVE = YES;
				CLANG_WARN_UNGUARDED_AVAILABILITY = YES_AGGRESSIVE;
				CLANG_WARN_UNREACHABLE_CODE = YES;
				CLANG_WARN__DUPLICATE_METHOD_MATCH = YES;
				COPY_PHASE_STRIP = NO;
				DEBUG_INFORMATION_FORMAT = "dwarf-with-dsym";
				DEVELOPMENT_TEAM = "";
				ENABLE_NS_ASSERTIONS = NO;
				ENABLE_STRICT_OBJC_MSGSEND = YES;
				ENABLE_USER_SCRIPT_SANDBOXING = YES;
				ENVIRONMENT_NAME = Production;
				GCC_C_LANGUAGE_STANDARD = gnu17;
				GCC_NO_COMMON_BLOCKS = YES;
				GCC_WARN_64_TO_32_BIT_CONVERSION = YES;
				GCC_WARN_ABOUT_RETURN_TYPE = YES_ERROR;
				GCC_WARN_UNDECLARED_SELECTOR = YES;
				GCC_WARN_UNINITIALIZED_AUTOS = YES_AGGRESSIVE;
				GCC_WARN_UNUSED_FUNCTION = YES;
				GCC_WARN_UNUSED_VARIABLE = YES;
				GOOGLE_CLIENT_ID = your_google_client_id.apps.googleusercontent.com;
				GOOGLE_URL_SCHEME = com.googleusercontent.apps.your_google_client_id;
				IPHONEOS_DEPLOYMENT_TARGET = 18.2;
				JANUS_API_SECRET = 1iVbRlUbqaExLG0SPLGAhdEU3SRKnyGG;
				JANUS_SOCKET_URL = "wss://api.ecall.org";
				LOCALIZATION_PREFERS_STRING_CATALOGS = YES;
				MTL_ENABLE_DEBUG_INFO = NO;
				MTL_FAST_MATH = YES;
				SDKROOT = iphoneos;
				SHARE_URL = "https://your_app_url";
				SOCKET_BASE_URL = "wss://api.ecall.org";
				STRING_CATALOG_GENERATE_SYMBOLS = YES;
				SWIFT_COMPILATION_MODE = wholemodule;
				SWIFT_EMIT_LOC_STRINGS = YES;
				VALIDATE_PRODUCT = YES;
			};
			name = Production;
		};
		DCF80EB92D931857003BE5CA /* Dev */ = {
			isa = XCBuildConfiguration;
			baseConfigurationReference = 0C3A98322F4E92B4000FB10E /* Dev.xcconfig */;
			buildSettings = {
				ASSETCATALOG_COMPILER_APPICON_NAME = AppIcon;
				ASSETCATALOG_COMPILER_GLOBAL_ACCENT_COLOR_NAME = AccentColor;
				ASSETCATALOG_COMPILER_INCLUDE_ALL_APPICON_ASSETS = NO;
				CLANG_ENABLE_MODULES = YES;
				CODE_SIGN_ENTITLEMENTS = ecall/Entitlements/Staging.entitlements;
				CODE_SIGN_IDENTITY = "Apple Development";
				CODE_SIGN_STYLE = Automatic;
				CURRENT_PROJECT_VERSION = 202602251100;
				DEVELOPMENT_ASSET_PATHS = "";
				DEVELOPMENT_TEAM = R684D2RP22;
				ENABLE_PREVIEWS = YES;
				ENABLE_USER_SCRIPT_SANDBOXING = NO;
				FRAMEWORK_SEARCH_PATHS = "$(inherited)";
				GCC_PREPROCESSOR_DEFINITIONS = (
					"$(inherited)",
					"COCOAPODS=1",
					"WEBRTC_IOS=1",
				);
				GENERATE_INFOPLIST_FILE = YES;
				HEADER_SEARCH_PATHS = "$(PROJECT_DIR)/ecall/**";
				INFOPLIST_FILE = ecall/Info.plist;
				INFOPLIST_KEY_CFBundleDisplayName = Ecall;
				INFOPLIST_KEY_LSApplicationCategoryType = "public.app-category.utilities";
				INFOPLIST_KEY_NSCameraUsageDescription = "This app needs access to your camera for video calls and to scan QR codes.";
				INFOPLIST_KEY_NSFaceIDUsageDescription = "Ecall uses biometric authentication (Face ID, Touch ID, or passcode) to securely access your encrypted calls, protect your private keys, and verify your identity.";
				INFOPLIST_KEY_NSMicrophoneUsageDescription = "This app requires access to your microphone so you can make and receive voice calls.";
				INFOPLIST_KEY_NSPhotoLibraryUsageDescription = "Ecall needs access to your photo library to scan QR codes from images.";
				INFOPLIST_KEY_UIApplicationSceneManifest_Generation = YES;
				INFOPLIST_KEY_UIApplicationSupportsIndirectInputEvents = YES;
				INFOPLIST_KEY_UILaunchScreen_Generation = YES;
				INFOPLIST_KEY_UILaunchStoryboardName = LaunchScreen;
				INFOPLIST_KEY_UISupportedInterfaceOrientations_iPad = "UIInterfaceOrientationPortrait UIInterfaceOrientationPortraitUpsideDown UIInterfaceOrientationLandscapeLeft UIInterfaceOrientationLandscapeRight";
				INFOPLIST_KEY_UISupportedInterfaceOrientations_iPhone = "UIInterfaceOrientationPortrait UIInterfaceOrientationLandscapeLeft UIInterfaceOrientationLandscapeRight";
				INFOPLIST_KEY_UIUserInterfaceStyle = Light;
				IPHONEOS_DEPLOYMENT_TARGET = 16.6;
				LD_RUNPATH_SEARCH_PATHS = (
					"$(inherited)",
					"@executable_path/Frameworks",
				);
				LOCALIZATION_EXPORT_SUPPORTED = NO;
				MARKETING_VERSION = 1.0.0;
				OTHER_CFLAGS = "-DWEBRTC_IOS=1";
				OTHER_LDFLAGS = "$(inherited)";
				PRODUCT_BUNDLE_IDENTIFIER = com.airfeed.ecall.staging;
				PRODUCT_NAME = "$(TARGET_NAME)";
				PROVISIONING_PROFILE_SPECIFIER = "";
				SWIFT_EMIT_LOC_STRINGS = YES;
				SWIFT_OBJC_BRIDGING_HEADER = "ecall/Resources/ecall-Bridging-Header.h";
				SWIFT_OPTIMIZATION_LEVEL = "-Onone";
				SWIFT_VERSION = 5.0;
				TARGETED_DEVICE_FAMILY = "1,2";
			};
			name = Dev;
		};
		DCF80EBA2D931857003BE5CA /* Production */ = {
			isa = XCBuildConfiguration;
			baseConfigurationReference = 0C3A98332F4E92B4000FB10E /* Production.xcconfig */;
			buildSettings = {
				ASSETCATALOG_COMPILER_APPICON_NAME = AppIcon;
				ASSETCATALOG_COMPILER_GLOBAL_ACCENT_COLOR_NAME = AccentColor;
				ASSETCATALOG_COMPILER_INCLUDE_ALL_APPICON_ASSETS = NO;
				CLANG_ENABLE_MODULES = YES;
				CODE_SIGN_ENTITLEMENTS = ecall/Entitlements/Production.entitlements;
				CODE_SIGN_IDENTITY = "Apple Development";
				CODE_SIGN_STYLE = Automatic;
				CURRENT_PROJECT_VERSION = 202602231600;
				DEVELOPMENT_ASSET_PATHS = "";
				DEVELOPMENT_TEAM = R684D2RP22;
				ENABLE_PREVIEWS = YES;
				ENABLE_USER_SCRIPT_SANDBOXING = NO;
				FRAMEWORK_SEARCH_PATHS = "$(inherited)";
				GCC_PREPROCESSOR_DEFINITIONS = (
					"$(inherited)",
					"COCOAPODS=1",
					"WEBRTC_IOS=1",
				);
				GENERATE_INFOPLIST_FILE = YES;
				HEADER_SEARCH_PATHS = "$(PROJECT_DIR)/ecall/**";
				INFOPLIST_FILE = ecall/Info.plist;
				INFOPLIST_KEY_CFBundleDisplayName = Ecall;
				INFOPLIST_KEY_LSApplicationCategoryType = "public.app-category.utilities";
				INFOPLIST_KEY_NSCameraUsageDescription = "This app needs access to your camera for video calls and to scan QR codes.";
				INFOPLIST_KEY_NSFaceIDUsageDescription = "Ecall uses biometric authentication (Face ID, Touch ID, or passcode) to securely access your encrypted calls, protect your private keys, and verify your identity.";
				INFOPLIST_KEY_NSMicrophoneUsageDescription = "This app requires access to your microphone so you can make and receive voice calls.";
				INFOPLIST_KEY_NSPhotoLibraryUsageDescription = "Ecall needs access to your photo library to scan QR codes from images.";
				INFOPLIST_KEY_UIApplicationSceneManifest_Generation = YES;
				INFOPLIST_KEY_UIApplicationSupportsIndirectInputEvents = YES;
				INFOPLIST_KEY_UILaunchScreen_Generation = YES;
				INFOPLIST_KEY_UILaunchStoryboardName = LaunchScreen;
				INFOPLIST_KEY_UISupportedInterfaceOrientations_iPad = "UIInterfaceOrientationPortrait UIInterfaceOrientationPortraitUpsideDown UIInterfaceOrientationLandscapeLeft UIInterfaceOrientationLandscapeRight";
				INFOPLIST_KEY_UISupportedInterfaceOrientations_iPhone = "UIInterfaceOrientationPortrait UIInterfaceOrientationLandscapeLeft UIInterfaceOrientationLandscapeRight";
				INFOPLIST_KEY_UIUserInterfaceStyle = Light;
				IPHONEOS_DEPLOYMENT_TARGET = 16.6;
				LD_RUNPATH_SEARCH_PATHS = (
					"$(inherited)",
					"@executable_path/Frameworks",
				);
				LOCALIZATION_EXPORT_SUPPORTED = NO;
				MARKETING_VERSION = 1.0.0;
				OTHER_CFLAGS = "-DWEBRTC_IOS=1";
				OTHER_LDFLAGS = "$(inherited)";
				PRODUCT_BUNDLE_IDENTIFIER = com.airfeed.ecall;
				PRODUCT_NAME = "$(TARGET_NAME)";
				PROVISIONING_PROFILE_SPECIFIER = "";
				SWIFT_EMIT_LOC_STRINGS = YES;
				SWIFT_OBJC_BRIDGING_HEADER = "ecall/Resources/ecall-Bridging-Header.h";
				SWIFT_VERSION = 5.0;
				TARGETED_DEVICE_FAMILY = "1,2";
			};
			name = Production;
		};
/* End XCBuildConfiguration section */

/* Begin XCConfigurationList section */
		DCF80E8A2D931855003BE5CA /* Build configuration list for PBXProject "ecall" */ = {
			isa = XCConfigurationList;
			buildConfigurations = (
				DCF80EB62D931857003BE5CA /* Dev */,
				0CE1E6702EA9C99200F13E2B /* Staging */,
				DCF80EB72D931857003BE5CA /* Production */,
			);
			defaultConfigurationIsVisible = 0;
			defaultConfigurationName = Production;
		};
		DCF80EB82D931857003BE5CA /* Build configuration list for PBXNativeTarget "ecall" */ = {
			isa = XCConfigurationList;
			buildConfigurations = (
				DCF80EB92D931857003BE5CA /* Dev */,
				0CE1E6712EA9C99200F13E2B /* Staging */,
				DCF80EBA2D931857003BE5CA /* Production */,
			);
			defaultConfigurationIsVisible = 0;
			defaultConfigurationName = Production;
		};
/* End XCConfigurationList section */

/* Begin XCRemoteSwiftPackageReference section */
		0C219D142DFAC7B300F2A92F /* XCRemoteSwiftPackageReference "GoogleSignIn-iOS" */ = {
			isa = XCRemoteSwiftPackageReference;
			repositoryURL = "https://github.com/google/GoogleSignIn-iOS";
			requirement = {
				kind = upToNextMajorVersion;
				minimumVersion = 8.0.0;
			};
		};
/* End XCRemoteSwiftPackageReference section */

/* Begin XCSwiftPackageProductDependency section */
		0C219D152DFAC7B300F2A92F /* GoogleSignIn */ = {
			isa = XCSwiftPackageProductDependency;
			package = 0C219D142DFAC7B300F2A92F /* XCRemoteSwiftPackageReference "GoogleSignIn-iOS" */;
			productName = GoogleSignIn;
		};
		0C219D172DFAC7B300F2A92F /* GoogleSignInSwift */ = {
			isa = XCSwiftPackageProductDependency;
			package = 0C219D142DFAC7B300F2A92F /* XCRemoteSwiftPackageReference "GoogleSignIn-iOS" */;
			productName = GoogleSignInSwift;
		};
/* End XCSwiftPackageProductDependency section */
	};
	rootObject = DCF80E872D931855003BE5CA /* Project object */;
}
